
Microsoft Visual Studio Solution File, Format Version 12.00
# Visual Studio Version 16
VisualStudioVersion = 16.0.31129.286
MinimumVisualStudioVersion = 10.0.40219.1
Project("{9A19103F-16F7-4668-BE54-9A1E7A4F7556}") = "SAS.BL", "StudentAttendanceSystem2\SAS.BL.csproj", "{7AB17C4E-0F81-4C54-8B9C-7ADAF52395B7}"
EndProject
Project("{9A19103F-16F7-4668-BE54-9A1E7A4F7556}") = "SAS.UI", "SAS.UI\SAS.UI.csproj", "{34B167CA-8C08-4594-AE83-D2B48A7CB8EC}"
EndProject
Global
	GlobalSection(SolutionConfigurationPlatforms) = preSolution
		Debug|Any CPU = Debug|Any CPU
		Release|Any CPU = Release|Any CPU
	EndGlobalSection
	GlobalSection(ProjectConfigurationPlatforms) = postSolution
		{7AB17C4E-0F81-4C54-8B9C-7ADAF52395B7}.Debug|Any CPU.ActiveCfg = Debug|Any CPU
		{7AB17C4E-0F81-4C54-8B9C-7ADAF52395B7}.Debug|Any CPU.Build.0 = Debug|Any CPU
		{7AB17C4E-0F81-4C54-8B9C-7ADAF52395B7}.Release|Any CPU.ActiveCfg = Release|Any CPU
		{7AB17C4E-0F81-4C54-8B9C-7ADAF52395B7}.Release|Any CPU.Build.0 = Release|Any CPU
		{34B167CA-8C08-4594-AE83-D2B48A7CB8EC}.Debug|Any CPU.ActiveCfg = Debug|Any CPU
		{34B167CA-8C08-4594-AE83-D2B48A7CB8EC}.Debug|Any CPU.Build.0 = Debug|Any CPU
		{34B167CA-8C08-4594-AE83-D2B48A7CB8EC}.Release|Any CPU.ActiveCfg = Release|Any CPU
		{34B167CA-8C08-4594-AE83-D2B48A7CB8EC}.Release|Any CPU.Build.0 = Release|Any CPU
	EndGlobalSection
	GlobalSection(SolutionProperties) = preSolution
		HideSolutionNode = FALSE
	EndGlobalSection
	GlobalSection(ExtensibilityGlobals) = postSolution
		SolutionGuid = {76707D2D-173B-456E-81FA-25C9F1AC11E0}
	EndGlobalSection
EndGlobal
